
Microsoft Visual Studio Solution File, Format Version 12.00
# Visual Studio Version 17
VisualStudioVersion = 17.3.32804.467
MinimumVisualStudioVersion = 10.0.40219.1
Project("{9A19103F-16F7-4668-BE54-9A1E7A4F7556}") = "InheritanceAndPolymorphism", "InheritanceAndPolymorphism\InheritanceAndPolymorphism.csproj", "{EA383684-946F-42DA-B072-8C893A4DF3C1}"
EndProject
Project("{9A19103F-16F7-4668-BE54-9A1E7A4F7556}") = "DateTimePractice", "DateTimePractice\DateTimePractice.csproj", "{BFBD403A-C410-4EE0-A10F-5FFD10BAAF05}"
EndProject
Project("{9A19103F-16F7-4668-BE54-9A1E7A4F7556}") = "ListInitConstruct", "ListInitConstruct\ListInitConstruct.csproj", "{C06E1CB9-C93A-4BE6-8385-22BFCDABC2A2}"
EndProject
Project("{9A19103F-16F7-4668-BE54-9A1E7A4F7556}") = "ListInitConstruct2", "ListInitConstruct2\ListInitConstruct2.csproj", "{167DC834-08AB-4CEF-925D-9A0D6E4996B0}"
EndProject
Project("{9A19103F-16F7-4668-BE54-9A1E7A4F7556}") = "ListOfObjects", "ListOfObjects\ListOfObjects.csproj", "{920DCDC8-4BD6-4B52-9868-C9244E2F6661}"
EndProject
Project("{9A19103F-16F7-4668-BE54-9A1E7A4F7556}") = "DictionaryOfObjects", "DictionaryOfObjects\DictionaryOfObjects.csproj", "{756A2279-170F-4E73-ADDA-8BE01E93565D}"
EndProject
Project("{9A19103F-16F7-4668-BE54-9A1E7A4F7556}") = "Mammals", "Mammals\Mammals.csproj", "{F138E84C-CCC8-4215-8D6F-38C7C16A17BF}"
EndProject
Project("{9A19103F-16F7-4668-BE54-9A1E7A4F7556}") = "Vehicles(inheritance Practice)", "Vehicles(inheritance Practice)\Vehicles(inheritance Practice).csproj", "{D3B6E5D4-35A1-469D-87B4-0B9B5C98028A}"
EndProject
Project("{9A19103F-16F7-4668-BE54-9A1E7A4F7556}") = "RPG Character Lab", "RPG Character Lab\RPG Character Lab.csproj", "{C4DBF46C-9421-45DF-A964-2124E658DF4D}"
EndProject
Project("{FAE04EC0-301F-11D3-BF4B-00C04F79EFBC}") = "MediaApp", "MediaApp\MediaApp.csproj", "{69A46A51-AA0C-45B7-83DE-EEEE00CC3FA8}"
EndProject
Global
	GlobalSection(SolutionConfigurationPlatforms) = preSolution
		Debug|Any CPU = Debug|Any CPU
		Release|Any CPU = Release|Any CPU
	EndGlobalSection
	GlobalSection(ProjectConfigurationPlatforms) = postSolution
		{EA383684-946F-42DA-B072-8C893A4DF3C1}.Debug|Any CPU.ActiveCfg = Debug|Any CPU
		{EA383684-946F-42DA-B072-8C893A4DF3C1}.Debug|Any CPU.Build.0 = Debug|Any CPU
		{EA383684-946F-42DA-B072-8C893A4DF3C1}.Release|Any CPU.ActiveCfg = Release|Any CPU
		{EA383684-946F-42DA-B072-8C893A4DF3C1}.Release|Any CPU.Build.0 = Release|Any CPU
		{BFBD403A-C410-4EE0-A10F-5FFD10BAAF05}.Debug|Any CPU.ActiveCfg = Debug|Any CPU
		{BFBD403A-C410-4EE0-A10F-5FFD10BAAF05}.Debug|Any CPU.Build.0 = Debug|Any CPU
		{BFBD403A-C410-4EE0-A10F-5FFD10BAAF05}.Release|Any CPU.ActiveCfg = Release|Any CPU
		{BFBD403A-C410-4EE0-A10F-5FFD10BAAF05}.Release|Any CPU.Build.0 = Release|Any CPU
		{C06E1CB9-C93A-4BE6-8385-22BFCDABC2A2}.Debug|Any CPU.ActiveCfg = Debug|Any CPU
		{C06E1CB9-C93A-4BE6-8385-22BFCDABC2A2}.Debug|Any CPU.Build.0 = Debug|Any CPU
		{C06E1CB9-C93A-4BE6-8385-22BFCDABC2A2}.Release|Any CPU.ActiveCfg = Release|Any CPU
		{C06E1CB9-C93A-4BE6-8385-22BFCDABC2A2}.Release|Any CPU.Build.0 = Release|Any CPU
		{167DC834-08AB-4CEF-925D-9A0D6E4996B0}.Debug|Any CPU.ActiveCfg = Debug|Any CPU
		{167DC834-08AB-4CEF-925D-9A0D6E4996B0}.Debug|Any CPU.Build.0 = Debug|Any CPU
		{167DC834-08AB-4CEF-925D-9A0D6E4996B0}.Release|Any CPU.ActiveCfg = Release|Any CPU
		{167DC834-08AB-4CEF-925D-9A0D6E4996B0}.Release|Any CPU.Build.0 = Release|Any CPU
		{920DCDC8-4BD6-4B52-9868-C9244E2F6661}.Debug|Any CPU.ActiveCfg = Debug|Any CPU
		{920DCDC8-4BD6-4B52-9868-C9244E2F6661}.Debug|Any CPU.Build.0 = Debug|Any CPU
		{920DCDC8-4BD6-4B52-9868-C9244E2F6661}.Release|Any CPU.ActiveCfg = Release|Any CPU
		{920DCDC8-4BD6-4B52-9868-C9244E2F6661}.Release|Any CPU.Build.0 = Release|Any CPU
		{756A2279-170F-4E73-ADDA-8BE01E93565D}.Debug|Any CPU.ActiveCfg = Debug|Any CPU
		{756A2279-170F-4E73-ADDA-8BE01E93565D}.Debug|Any CPU.Build.0 = Debug|Any CPU
		{756A2279-170F-4E73-ADDA-8BE01E93565D}.Release|Any CPU.ActiveCfg = Release|Any CPU
		{756A2279-170F-4E73-ADDA-8BE01E93565D}.Release|Any CPU.Build.0 = Release|Any CPU
		{F138E84C-CCC8-4215-8D6F-38C7C16A17BF}.Debug|Any CPU.ActiveCfg = Debug|Any CPU
		{F138E84C-CCC8-4215-8D6F-38C7C16A17BF}.Debug|Any CPU.Build.0 = Debug|Any CPU
		{F138E84C-CCC8-4215-8D6F-38C7C16A17BF}.Release|Any CPU.ActiveCfg = Release|Any CPU
		{F138E84C-CCC8-4215-8D6F-38C7C16A17BF}.Release|Any CPU.Build.0 = Release|Any CPU
		{D3B6E5D4-35A1-469D-87B4-0B9B5C98028A}.Debug|Any CPU.ActiveCfg = Debug|Any CPU
		{D3B6E5D4-35A1-469D-87B4-0B9B5C98028A}.Debug|Any CPU.Build.0 = Debug|Any CPU
		{D3B6E5D4-35A1-469D-87B4-0B9B5C98028A}.Release|Any CPU.ActiveCfg = Release|Any CPU
		{D3B6E5D4-35A1-469D-87B4-0B9B5C98028A}.Release|Any CPU.Build.0 = Release|Any CPU
		{C4DBF46C-9421-45DF-A964-2124E658DF4D}.Debug|Any CPU.ActiveCfg = Debug|Any CPU
		{C4DBF46C-9421-45DF-A964-2124E658DF4D}.Debug|Any CPU.Build.0 = Debug|Any CPU
		{C4DBF46C-9421-45DF-A964-2124E658DF4D}.Release|Any CPU.ActiveCfg = Release|Any CPU
		{C4DBF46C-9421-45DF-A964-2124E658DF4D}.Release|Any CPU.Build.0 = Release|Any CPU
		{69A46A51-AA0C-45B7-83DE-EEEE00CC3FA8}.Debug|Any CPU.ActiveCfg = Debug|Any CPU
		{69A46A51-AA0C-45B7-83DE-EEEE00CC3FA8}.Debug|Any CPU.Build.0 = Debug|Any CPU
		{69A46A51-AA0C-45B7-83DE-EEEE00CC3FA8}.Release|Any CPU.ActiveCfg = Release|Any CPU
		{69A46A51-AA0C-45B7-83DE-EEEE00CC3FA8}.Release|Any CPU.Build.0 = Release|Any CPU
	EndGlobalSection
	GlobalSection(SolutionProperties) = preSolution
		HideSolutionNode = FALSE
	EndGlobalSection
	GlobalSection(ExtensibilityGlobals) = postSolution
		SolutionGuid = {FD1457BD-604B-4072-96A0-C7848BF178B6}
	EndGlobalSection
EndGlobal
